// !$*UTF8*$!
{
	archiveVersion = 1;
	classes = {
	};
	objectVersion = 56;
	objects = {

/* Begin PBXBuildFile section */
		555C0B3607B491E138B0E983 /* Pods_TodoAppCloud.framework in Frameworks */ = {isa = PBXBuildFile; fileRef = 82FEC44DCB475DFB8F1B0A02 /* Pods_TodoAppCloud.framework */; };
		C83CADAC2B0EAF9100BCD788 /* TodoListViewController.swift in Sources */ = {isa = PBXBuildFile; fileRef = C83CADAB2B0EAF9100BCD788 /* TodoListViewController.swift */; };
		C83CADAE2B0EB28E00BCD788 /* GoogleService-Info.plist in Resources */ = {isa = PBXBuildFile; fileRef = C83CADAD2B0EB28E00BCD788 /* GoogleService-Info.plist */; };
		C83CADB12B0EB8C700BCD788 /* StringExtensions.swift in Sources */ = {isa = PBXBuildFile; fileRef = C83CADB02B0EB8C700BCD788 /* StringExtensions.swift */; };
		C86C02032B0DE0A000749F09 /* AppDelegate.swift in Sources */ = {isa = PBXBuildFile; fileRef = C86C02022B0DE0A000749F09 /* AppDelegate.swift */; };
		C86C02052B0DE0A000749F09 /* SceneDelegate.swift in Sources */ = {isa = PBXBuildFile; fileRef = C86C02042B0DE0A000749F09 /* SceneDelegate.swift */; };
		C86C02072B0DE0A000749F09 /* ViewController.swift in Sources */ = {isa = PBXBuildFile; fileRef = C86C02062B0DE0A000749F09 /* ViewController.swift */; };
		C86C020A2B0DE0A000749F09 /* Main.storyboard in Resources */ = {isa = PBXBuildFile; fileRef = C86C02082B0DE0A000749F09 /* Main.storyboard */; };
		C86C020C2B0DE0A200749F09 /* Assets.xcassets in Resources */ = {isa = PBXBuildFile; fileRef = C86C020B2B0DE0A200749F09 /* Assets.xcassets */; };
		C86C020F2B0DE0A200749F09 /* LaunchScreen.storyboard in Resources */ = {isa = PBXBuildFile; fileRef = C86C020D2B0DE0A200749F09 /* LaunchScreen.storyboard */; };
/* End PBXBuildFile section */

/* Begin PBXFileReference section */
		26F5F02523888690702D94C8 /* Pods-TodoAppCloud.release.xcconfig */ = {isa = PBXFileReference; includeInIndex = 1; lastKnownFileType = text.xcconfig; name = "Pods-TodoAppCloud.release.xcconfig"; path = "Target Support Files/Pods-TodoAppCloud/Pods-TodoAppCloud.release.xcconfig"; sourceTree = "<group>"; };
		82FEC44DCB475DFB8F1B0A02 /* Pods_TodoAppCloud.framework */ = {isa = PBXFileReference; explicitFileType = wrapper.framework; includeInIndex = 0; path = Pods_TodoAppCloud.framework; sourceTree = BUILT_PRODUCTS_DIR; };
		C83CADAB2B0EAF9100BCD788 /* TodoListViewController.swift */ = {isa = PBXFileReference; lastKnownFileType = sourcecode.swift; path = TodoListViewController.swift; sourceTree = "<group>"; };
		C83CADAD2B0EB28E00BCD788 /* GoogleService-Info.plist */ = {isa = PBXFileReference; fileEncoding = 4; lastKnownFileType = text.plist.xml; name = "GoogleService-Info.plist"; path = "../../../../Downloads/GoogleService-Info.plist"; sourceTree = "<group>"; };
		C83CADB02B0EB8C700BCD788 /* StringExtensions.swift */ = {isa = PBXFileReference; lastKnownFileType = sourcecode.swift; path = StringExtensions.swift; sourceTree = "<group>"; };
		C86C01FF2B0DE0A000749F09 /* TodoAppCloud.app */ = {isa = PBXFileReference; explicitFileType = wrapper.application; includeInIndex = 0; path = TodoAppCloud.app; sourceTree = BUILT_PRODUCTS_DIR; };
		C86C02022B0DE0A000749F09 /* AppDelegate.swift */ = {isa = PBXFileReference; lastKnownFileType = sourcecode.swift; path = AppDelegate.swift; sourceTree = "<group>"; };
		C86C02042B0DE0A000749F09 /* SceneDelegate.swift */ = {isa = PBXFileReference; lastKnownFileType = sourcecode.swift; path = SceneDelegate.swift; sourceTree = "<group>"; };
		C86C02062B0DE0A000749F09 /* ViewController.swift */ = {isa = PBXFileReference; lastKnownFileType = sourcecode.swift; path = ViewController.swift; sourceTree = "<group>"; };
		C86C02092B0DE0A000749F09 /* Base */ = {isa = PBXFileReference; lastKnownFileType = file.storyboard; name = Base; path = Base.lproj/Main.storyboard; sourceTree = "<group>"; };
		C86C020B2B0DE0A200749F09 /* Assets.xcassets */ = {isa = PBXFileReference; lastKnownFileType = folder.assetcatalog; path = Assets.xcassets; sourceTree = "<group>"; };
		C86C020E2B0DE0A200749F09 /* Base */ = {isa = PBXFileReference; lastKnownFileType = file.storyboard; name = Base; path = Base.lproj/LaunchScreen.storyboard; sourceTree = "<group>"; };
		C86C02102B0DE0A200749F09 /* Info.plist */ = {isa = PBXFileReference; lastKnownFileType = text.plist.xml; path = Info.plist; sourceTree = "<group>"; };
		DA291D805CAF62C1F4F789CE /* Pods-TodoAppCloud.debug.xcconfig */ = {isa = PBXFileReference; includeInIndex = 1; lastKnownFileType = text.xcconfig; name = "Pods-TodoAppCloud.debug.xcconfig"; path = "Target Support Files/Pods-TodoAppCloud/Pods-TodoAppCloud.debug.xcconfig"; sourceTree = "<group>"; };
/* End PBXFileReference section */

/* Begin PBXFrameworksBuildPhase section */
		C86C01FC2B0DE0A000749F09 /* Frameworks */ = {
			isa = PBXFrameworksBuildPhase;
			buildActionMask = 2147483647;
			files = (
				555C0B3607B491E138B0E983 /* Pods_TodoAppCloud.framework in Frameworks */,
			);
			runOnlyForDeploymentPostprocessing = 0;
		};
/* End PBXFrameworksBuildPhase section */

/* Begin PBXGroup section */
		7095C2388511021913972BCF /* Pods */ = {
			isa = PBXGroup;
			children = (
				DA291D805CAF62C1F4F789CE /* Pods-TodoAppCloud.debug.xcconfig */,
				26F5F02523888690702D94C8 /* Pods-TodoAppCloud.release.xcconfig */,
			);
			path = Pods;
			sourceTree = "<group>";
		};
		C83CADAF2B0EB89E00BCD788 /* Utils */ = {
			isa = PBXGroup;
			children = (
				C83CADB02B0EB8C700BCD788 /* StringExtensions.swift */,
			);
			path = Utils;
			sourceTree = "<group>";
		};
		C86C01F62B0DE0A000749F09 = {
			isa = PBXGroup;
			children = (
				C86C02012B0DE0A000749F09 /* TodoAppCloud */,
				C86C02002B0DE0A000749F09 /* Products */,
				7095C2388511021913972BCF /* Pods */,
				D6E2E08247F75305988950D6 /* Frameworks */,
			);
			sourceTree = "<group>";
		};
		C86C02002B0DE0A000749F09 /* Products */ = {
			isa = PBXGroup;
			children = (
				C86C01FF2B0DE0A000749F09 /* TodoAppCloud.app */,
			);
			name = Products;
			sourceTree = "<group>";
		};
		C86C02012B0DE0A000749F09 /* TodoAppCloud */ = {
			isa = PBXGroup;
			children = (
				C83CADAF2B0EB89E00BCD788 /* Utils */,
				C86C02022B0DE0A000749F09 /* AppDelegate.swift */,
				C86C02042B0DE0A000749F09 /* SceneDelegate.swift */,
				C86C02062B0DE0A000749F09 /* ViewController.swift */,
				C86C02082B0DE0A000749F09 /* Main.storyboard */,
				C86C020B2B0DE0A200749F09 /* Assets.xcassets */,
				C86C020D2B0DE0A200749F09 /* LaunchScreen.storyboard */,
				C86C02102B0DE0A200749F09 /* Info.plist */,
				C83CADAD2B0EB28E00BCD788 /* GoogleService-Info.plist */,
				C83CADAB2B0EAF9100BCD788 /* TodoListViewController.swift */,
			);
			path = TodoAppCloud;
			sourceTree = "<group>";
		};
		D6E2E08247F75305988950D6 /* Frameworks */ = {
			isa = PBXGroup;
			children = (
				82FEC44DCB475DFB8F1B0A02 /* Pods_TodoAppCloud.framework */,
			);
			name = Frameworks;
			sourceTree = "<group>";
		};
/* End PBXGroup section */

/* Begin PBXNativeTarget section */
		C86C01FE2B0DE0A000749F09 /* TodoAppCloud */ = {
			isa = PBXNativeTarget;
			buildConfigurationList = C86C02132B0DE0A200749F09 /* Build configuration list for PBXNativeTarget "TodoAppCloud" */;
			buildPhases = (
				72507581D2B355C9D606B54D /* [CP] Check Pods Manifest.lock */,
				C86C01FB2B0DE0A000749F09 /* Sources */,
				C86C01FC2B0DE0A000749F09 /* Frameworks */,
				C86C01FD2B0DE0A000749F09 /* Resources */,
				4FFD0D2A394DA0C53F2AEF39 /* [CP] Embed Pods Frameworks */,
			);
			buildRules = (
			);
			dependencies = (
			);
			name = TodoAppCloud;
			productName = TodoAppCloud;
			productReference = C86C01FF2B0DE0A000749F09 /* TodoAppCloud.app */;
			productType = "com.apple.product-type.application";
		};
/* End PBXNativeTarget section */

/* Begin PBXProject section */
		C86C01F72B0DE0A000749F09 /* Project object */ = {
			isa = PBXProject;
			attributes = {
				BuildIndependentTargetsInParallel = 1;
				LastSwiftUpdateCheck = 1500;
				LastUpgradeCheck = 1500;
				TargetAttributes = {
					C86C01FE2B0DE0A000749F09 = {
						CreatedOnToolsVersion = 15.0;
					};
				};
			};
			buildConfigurationList = C86C01FA2B0DE0A000749F09 /* Build configuration list for PBXProject "TodoAppCloud" */;
			compatibilityVersion = "Xcode 14.0";
			developmentRegion = en;
			hasScannedForEncodings = 0;
			knownRegions = (
				en,
				Base,
			);
			mainGroup = C86C01F62B0DE0A000749F09;
			productRefGroup = C86C02002B0DE0A000749F09 /* Products */;
			projectDirPath = "";
			projectRoot = "";
			targets = (
				C86C01FE2B0DE0A000749F09 /* TodoAppCloud */,
			);
		};
/* End PBXProject section */

/* Begin PBXResourcesBuildPhase section */
		C86C01FD2B0DE0A000749F09 /* Resources */ = {
			isa = PBXResourcesBuildPhase;
			buildActionMask = 2147483647;
			files = (
				C86C020F2B0DE0A200749F09 /* LaunchScreen.storyboard in Resources */,
				C83CADAE2B0EB28E00BCD788 /* GoogleService-Info.plist in Resources */,
				C86C020C2B0DE0A200749F09 /* Assets.xcassets in Resources */,
				C86C020A2B0DE0A000749F09 /* Main.storyboard in Resources */,
			);
			runOnlyForDeploymentPostprocessing = 0;
		};
/* End PBXResourcesBuildPhase section */

/* Begin PBXShellScriptBuildPhase section */
		4FFD0D2A394DA0C53F2AEF39 /* [CP] Embed Pods Frameworks */ = {
			isa = PBXShellScriptBuildPhase;
			buildActionMask = 2147483647;
			files = (
			);
			inputFileListPaths = (
				"${PODS_ROOT}/Target Support Files/Pods-TodoAppCloud/Pods-TodoAppCloud-frameworks-${CONFIGURATION}-input-files.xcfilelist",
			);
			name = "[CP] Embed Pods Frameworks";
			outputFileListPaths = (
				"${PODS_ROOT}/Target Support Files/Pods-TodoAppCloud/Pods-TodoAppCloud-frameworks-${CONFIGURATION}-output-files.xcfilelist",
			);
			runOnlyForDeploymentPostprocessing = 0;
			shellPath = /bin/sh;
			shellScript = "\"${PODS_ROOT}/Target Support Files/Pods-TodoAppCloud/Pods-TodoAppCloud-frameworks.sh\"\n";
			showEnvVarsInLog = 0;
		};
		72507581D2B355C9D606B54D /* [CP] Check Pods Manifest.lock */ = {
			isa = PBXShellScriptBuildPhase;
			buildActionMask = 2147483647;
			files = (
			);
			inputFileListPaths = (
			);
			inputPaths = (
				"${PODS_PODFILE_DIR_PATH}/Podfile.lock",
				"${PODS_ROOT}/Manifest.lock",
			);
			name = "[CP] Check Pods Manifest.lock";
			outputFileListPaths = (
			);
			outputPaths = (
				"$(DERIVED_FILE_DIR)/Pods-TodoAppCloud-checkManifestLockResult.txt",
			);
			runOnlyForDeploymentPostprocessing = 0;
			shellPath = /bin/sh;
			shellScript = "diff \"${PODS_PODFILE_DIR_PATH}/Podfile.lock\" \"${PODS_ROOT}/Manifest.lock\" > /dev/null\nif [ $? != 0 ] ; then\n    # print error to STDERR\n    echo \"error: The sandbox is not in sync with the Podfile.lock. Run 'pod install' or update your CocoaPods installation.\" >&2\n    exit 1\nfi\n# This output is used by Xcode 'outputs' to avoid re-running this script phase.\necho \"SUCCESS\" > \"${SCRIPT_OUTPUT_FILE_0}\"\n";
			showEnvVarsInLog = 0;
		};
/* End PBXShellScriptBuildPhase section */

/* Begin PBXSourcesBuildPhase section */
		C86C01FB2B0DE0A000749F09 /* Sources */ = {
			isa = PBXSourcesBuildPhase;
			buildActionMask = 2147483647;
			files = (
				C83CADAC2B0EAF9100BCD788 /* TodoListViewController.swift in Sources */,
				C86C02072B0DE0A000749F09 /* ViewController.swift in Sources */,
				C83CADB12B0EB8C700BCD788 /* StringExtensions.swift in Sources */,
				C86C02032B0DE0A000749F09 /* AppDelegate.swift in Sources */,
				C86C02052B0DE0A000749F09 /* SceneDelegate.swift in Sources */,
			);
			runOnlyForDeploymentPostprocessing = 0;
		};
/* End PBXSourcesBuildPhase section */

/* Begin PBXVariantGroup section */
		C86C02082B0DE0A000749F09 /* Main.storyboard */ = {
			isa = PBXVariantGroup;
			children = (
				C86C02092B0DE0A000749F09 /* Base */,
			);
			name = Main.storyboard;
			sourceTree = "<group>";
		};
		C86C020D2B0DE0A200749F09 /* LaunchScreen.storyboard */ = {
			isa = PBXVariantGroup;
			children = (
				C86C020E2B0DE0A200749F09 /* Base */,
			);
			name = LaunchScreen.storyboard;
			sourceTree = "<group>";
		};
/* End PBXVariantGroup section */

/* Begin XCBuildConfiguration section */
		C86C02112B0DE0A200749F09 /* Debug */ = {
			isa = XCBuildConfiguration;
			buildSettings = {
				ALWAYS_SEARCH_USER_PATHS = NO;
				ASSETCATALOG_COMPILER_GENERATE_SWIFT_ASSET_SYMBOL_EXTENSIONS = YES;
				CLANG_ANALYZER_NONNULL = YES;
				CLANG_ANALYZER_NUMBER_OBJECT_CONVERSION = YES_AGGRESSIVE;
				CLANG_CXX_LANGUAGE_STANDARD = "gnu++20";
				CLANG_ENABLE_MODULES = YES;
				CLANG_ENABLE_OBJC_ARC = YES;
				CLANG_ENABLE_OBJC_WEAK = YES;
				CLANG_WARN_BLOCK_CAPTURE_AUTORELEASING = YES;
				CLANG_WARN_BOOL_CONVERSION = YES;
				CLANG_WARN_COMMA = YES;
				CLANG_WARN_CONSTANT_CONVERSION = YES;
				CLANG_WARN_DEPRECATED_OBJC_IMPLEMENTATIONS = YES;
				CLANG_WARN_DIRECT_OBJC_ISA_USAGE = YES_ERROR;
				CLANG_WARN_DOCUMENTATION_COMMENTS = YES;
				CLANG_WARN_EMPTY_BODY = YES;
				CLANG_WARN_ENUM_CONVERSION = YES;
				CLANG_WARN_INFINITE_RECURSION = YES;
				CLANG_WARN_INT_CONVERSION = YES;
				CLANG_WARN_NON_LITERAL_NULL_CONVERSION = YES;
				CLANG_WARN_OBJC_IMPLICIT_RETAIN_SELF = YES;
				CLANG_WARN_OBJC_LITERAL_CONVERSION = YES;
				CLANG_WARN_OBJC_ROOT_CLASS = YES_ERROR;
				CLANG_WARN_QUOTED_INCLUDE_IN_FRAMEWORK_HEADER = YES;
				CLANG_WARN_RANGE_LOOP_ANALYSIS = YES;
				CLANG_WARN_STRICT_PROTOTYPES = YES;
				CLANG_WARN_SUSPICIOUS_MOVE = YES;
				CLANG_WARN_UNGUARDED_AVAILABILITY = YES_AGGRESSIVE;
				CLANG_WARN_UNREACHABLE_CODE = YES;
				CLANG_WARN__DUPLICATE_METHOD_MATCH = YES;
				COPY_PHASE_STRIP = NO;
				DEBUG_INFORMATION_FORMAT = dwarf;
				ENABLE_STRICT_OBJC_MSGSEND = YES;
				ENABLE_TESTABILITY = YES;
				ENABLE_USER_SCRIPT_SANDBOXING = YES;
				GCC_C_LANGUAGE_STANDARD = gnu17;
				GCC_DYNAMIC_NO_PIC = NO;
				GCC_NO_COMMON_BLOCKS = YES;
				GCC_OPTIMIZATION_LEVEL = 0;
				GCC_PREPROCESSOR_DEFINITIONS = (
					"DEBUG=1",
					"$(inherited)",
				);
				GCC_WARN_64_TO_32_BIT_CONVERSION = YES;
				GCC_WARN_ABOUT_RETURN_TYPE = YES_ERROR;
				GCC_WARN_UNDECLARED_SELECTOR = YES;
				GCC_WARN_UNINITIALIZED_AUTOS = YES_AGGRESSIVE;
				GCC_WARN_UNUSED_FUNCTION = YES;
				GCC_WARN_UNUSED_VARIABLE = YES;
				IPHONEOS_DEPLOYMENT_TARGET = 17.0;
				LOCALIZATION_PREFERS_STRING_CATALOGS = YES;
				MTL_ENABLE_DEBUG_INFO = INCLUDE_SOURCE;
				MTL_FAST_MATH = YES;
				ONLY_ACTIVE_ARCH = YES;
				SDKROOT = iphoneos;
				SWIFT_ACTIVE_COMPILATION_CONDITIONS = "DEBUG $(inherited)";
				SWIFT_OPTIMIZATION_LEVEL = "-Onone";
			};
			name = Debug;
		};
		C86C02122B0DE0A200749F09 /* Release */ = {
			isa = XCBuildConfiguration;
			buildSettings = {
				ALWAYS_SEARCH_USER_PATHS = NO;
				ASSETCATALOG_COMPILER_GENERATE_SWIFT_ASSET_SYMBOL_EXTENSIONS = YES;
				CLANG_ANALYZER_NONNULL = YES;
				CLANG_ANALYZER_NUMBER_OBJECT_CONVERSION = YES_AGGRESSIVE;
				CLANG_CXX_LANGUAGE_STANDARD = "gnu++20";
				CLANG_ENABLE_MODULES = YES;
				CLANG_ENABLE_OBJC_ARC = YES;
				CLANG_ENABLE_OBJC_WEAK = YES;
				CLANG_WARN_BLOCK_CAPTURE_AUTORELEASING = YES;
				CLANG_WARN_BOOL_CONVERSION = YES;
				CLANG_WARN_COMMA = YES;
				CLANG_WARN_CONSTANT_CONVERSION = YES;
				CLANG_WARN_DEPRECATED_OBJC_IMPLEMENTATIONS = YES;
				CLANG_WARN_DIRECT_OBJC_ISA_USAGE = YES_ERROR;
				CLANG_WARN_DOCUMENTATION_COMMENTS = YES;
				CLANG_WARN_EMPTY_BODY = YES;
				CLANG_WARN_ENUM_CONVERSION = YES;
				CLANG_WARN_INFINITE_RECURSION = YES;
				CLANG_WARN_INT_CONVERSION = YES;
				CLANG_WARN_NON_LITERAL_NULL_CONVERSION = YES;
				CLANG_WARN_OBJC_IMPLICIT_RETAIN_SELF = YES;
				CLANG_WARN_OBJC_LITERAL_CONVERSION = YES;
				CLANG_WARN_OBJC_ROOT_CLASS = YES_ERROR;
				CLANG_WARN_QUOTED_INCLUDE_IN_FRAMEWORK_HEADER = YES;
				CLANG_WARN_RANGE_LOOP_ANALYSIS = YES;
				CLANG_WARN_STRICT_PROTOTYPES = YES;
				CLANG_WARN_SUSPICIOUS_MOVE = YES;
				CLANG_WARN_UNGUARDED_AVAILABILITY = YES_AGGRESSIVE;
				CLANG_WARN_UNREACHABLE_CODE = YES;
				CLANG_WARN__DUPLICATE_METHOD_MATCH = YES;
				COPY_PHASE_STRIP = NO;
				DEBUG_INFORMATION_FORMAT = "dwarf-with-dsym";
				ENABLE_NS_ASSERTIONS = NO;
				ENABLE_STRICT_OBJC_MSGSEND = YES;
				ENABLE_USER_SCRIPT_SANDBOXING = YES;
				GCC_C_LANGUAGE_STANDARD = gnu17;
				GCC_NO_COMMON_BLOCKS = YES;
				GCC_WARN_64_TO_32_BIT_CONVERSION = YES;
				GCC_WARN_ABOUT_RETURN_TYPE = YES_ERROR;
				GCC_WARN_UNDECLARED_SELECTOR = YES;
				GCC_WARN_UNINITIALIZED_AUTOS = YES_AGGRESSIVE;
				GCC_WARN_UNUSED_FUNCTION = YES;
				GCC_WARN_UNUSED_VARIABLE = YES;
				IPHONEOS_DEPLOYMENT_TARGET = 17.0;
				LOCALIZATION_PREFERS_STRING_CATALOGS = YES;
				MTL_ENABLE_DEBUG_INFO = NO;
				MTL_FAST_MATH = YES;
				SDKROOT = iphoneos;
				SWIFT_COMPILATION_MODE = wholemodule;
				VALIDATE_PRODUCT = YES;
			};
			name = Release;
		};
		C86C02142B0DE0A200749F09 /* Debug */ = {
			isa = XCBuildConfiguration;
			baseConfigurationReference = DA291D805CAF62C1F4F789CE /* Pods-TodoAppCloud.debug.xcconfig */;
			buildSettings = {
				ASSETCATALOG_COMPILER_APPICON_NAME = AppIcon;
				ASSETCATALOG_COMPILER_GLOBAL_ACCENT_COLOR_NAME = AccentColor;
				CODE_SIGN_STYLE = Automatic;
				CURRENT_PROJECT_VERSION = 1;
				ENABLE_USER_SCRIPT_SANDBOXING = NO;
				GENERATE_INFOPLIST_FILE = YES;
				INFOPLIST_FILE = TodoAppCloud/Info.plist;
				INFOPLIST_KEY_UIApplicationSupportsIndirectInputEvents = YES;
				INFOPLIST_KEY_UILaunchStoryboardName = LaunchScreen;
				INFOPLIST_KEY_UIMainStoryboardFile = Main;
				INFOPLIST_KEY_UISupportedInterfaceOrientations_iPad = "UIInterfaceOrientationPortrait UIInterfaceOrientationPortraitUpsideDown UIInterfaceOrientationLandscapeLeft UIInterfaceOrientationLandscapeRight";
				INFOPLIST_KEY_UISupportedInterfaceOrientations_iPhone = "UIInterfaceOrientationPortrait UIInterfaceOrientationLandscapeLeft UIInterfaceOrientationLandscapeRight";
				LD_RUNPATH_SEARCH_PATHS = (
					"$(inherited)",
					"@executable_path/Frameworks",
				);
				MARKETING_VERSION = 1.0;
				PRODUCT_BUNDLE_IDENTIFIER = edu.northeastern.jess.TodoAppCloud;
				PRODUCT_NAME = "$(TARGET_NAME)";
				SWIFT_EMIT_LOC_STRINGS = YES;
				SWIFT_VERSION = 5.0;
				TARGETED_DEVICE_FAMILY = "1,2";
			};
			name = Debug;
		};
		C86C02152B0DE0A200749F09 /* Release */ = {
			isa = XCBuildConfiguration;
			baseConfigurationReference = 26F5F02523888690702D94C8 /* Pods-TodoAppCloud.release.xcconfig */;
			buildSettings = {
				ASSETCATALOG_COMPILER_APPICON_NAME = AppIcon;
				ASSETCATALOG_COMPILER_GLOBAL_ACCENT_COLOR_NAME = AccentColor;
				CODE_SIGN_STYLE = Automatic;
				CURRENT_PROJECT_VERSION = 1;
				ENABLE_USER_SCRIPT_SANDBOXING = NO;
				GENERATE_INFOPLIST_FILE = YES;
				INFOPLIST_FILE = TodoAppCloud/Info.plist;
				INFOPLIST_KEY_UIApplicationSupportsIndirectInputEvents = YES;
				INFOPLIST_KEY_UILaunchStoryboardName = LaunchScreen;
				INFOPLIST_KEY_UIMainStoryboardFile = Main;
				INFOPLIST_KEY_UISupportedInterfaceOrientations_iPad = "UIInterfaceOrientationPortrait UIInterfaceOrientationPortraitUpsideDown UIInterfaceOrientationLandscapeLeft UIInterfaceOrientationLandscapeRight";
				INFOPLIST_KEY_UISupportedInterfaceOrientations_iPhone = "UIInterfaceOrientationPortrait UIInterfaceOrientationLandscapeLeft UIInterfaceOrientationLandscapeRight";
				LD_RUNPATH_SEARCH_PATHS = (
					"$(inherited)",
					"@executable_path/Frameworks",
				);
				MARKETING_VERSION = 1.0;
				PRODUCT_BUNDLE_IDENTIFIER = edu.northeastern.jess.TodoAppCloud;
				PRODUCT_NAME = "$(TARGET_NAME)";
				SWIFT_EMIT_LOC_STRINGS = YES;
				SWIFT_VERSION = 5.0;
				TARGETED_DEVICE_FAMILY = "1,2";
			};
			name = Release;
		};
/* End XCBuildConfiguration section */

/* Begin XCConfigurationList section */
		C86C01FA2B0DE0A000749F09 /* Build configuration list for PBXProject "TodoAppCloud" */ = {
			isa = XCConfigurationList;
			buildConfigurations = (
				C86C02112B0DE0A200749F09 /* Debug */,
				C86C02122B0DE0A200749F09 /* Release */,
			);
			defaultConfigurationIsVisible = 0;
			defaultConfigurationName = Release;
		};
		C86C02132B0DE0A200749F09 /* Build configuration list for PBXNativeTarget "TodoAppCloud" */ = {
			isa = XCConfigurationList;
			buildConfigurations = (
				C86C02142B0DE0A200749F09 /* Debug */,
				C86C02152B0DE0A200749F09 /* Release */,
			);
			defaultConfigurationIsVisible = 0;
			defaultConfigurationName = Release;
		};
/* End XCConfigurationList section */
	};
	rootObject = C86C01F72B0DE0A000749F09 /* Project object */;
}
